
Microsoft Visual Studio Solution File, Format Version 12.00
# Visual Studio Version 16
VisualStudioVersion = 16.0.30611.23
MinimumVisualStudioVersion = 10.0.40219.1
Project("{9A19103F-16F7-4668-BE54-9A1E7A4F7556}") = "Assignment 2", "Assignment 2\Assignment 2.csproj", "{37EE5E6B-2B09-4792-B141-055DE0A48D4B}"
	ProjectSection(ProjectDependencies) = postProject
		{EC5ABFC6-32F8-40A4-9609-59C2A1385E28} = {EC5ABFC6-32F8-40A4-9609-59C2A1385E28}
	EndProjectSection
EndProject
Project("{9A19103F-16F7-4668-BE54-9A1E7A4F7556}") = "EmailService", "EmailService\EmailService.csproj", "{EC5ABFC6-32F8-40A4-9609-59C2A1385E28}"
EndProject
Project("{9A19103F-16F7-4668-BE54-9A1E7A4F7556}") = "Stazhirovka", "..\Stazhirovka\Stazhirovka\Stazhirovka.csproj", "{C1DA006E-0B76-4DED-81B5-CA88CDDCB675}"
EndProject
Global
	GlobalSection(SolutionConfigurationPlatforms) = preSolution
		Debug|Any CPU = Debug|Any CPU
		Release|Any CPU = Release|Any CPU
	EndGlobalSection
	GlobalSection(ProjectConfigurationPlatforms) = postSolution
		{37EE5E6B-2B09-4792-B141-055DE0A48D4B}.Debug|Any CPU.ActiveCfg = Debug|Any CPU
		{37EE5E6B-2B09-4792-B141-055DE0A48D4B}.Debug|Any CPU.Build.0 = Debug|Any CPU
		{37EE5E6B-2B09-4792-B141-055DE0A48D4B}.Release|Any CPU.ActiveCfg = Release|Any CPU
		{37EE5E6B-2B09-4792-B141-055DE0A48D4B}.Release|Any CPU.Build.0 = Release|Any CPU
		{EC5ABFC6-32F8-40A4-9609-59C2A1385E28}.Debug|Any CPU.ActiveCfg = Debug|Any CPU
		{EC5ABFC6-32F8-40A4-9609-59C2A1385E28}.Debug|Any CPU.Build.0 = Debug|Any CPU
		{EC5ABFC6-32F8-40A4-9609-59C2A1385E28}.Release|Any CPU.ActiveCfg = Release|Any CPU
		{EC5ABFC6-32F8-40A4-9609-59C2A1385E28}.Release|Any CPU.Build.0 = Release|Any CPU
		{C1DA006E-0B76-4DED-81B5-CA88CDDCB675}.Debug|Any CPU.ActiveCfg = Debug|Any CPU
		{C1DA006E-0B76-4DED-81B5-CA88CDDCB675}.Debug|Any CPU.Build.0 = Debug|Any CPU
		{C1DA006E-0B76-4DED-81B5-CA88CDDCB675}.Release|Any CPU.ActiveCfg = Release|Any CPU
		{C1DA006E-0B76-4DED-81B5-CA88CDDCB675}.Release|Any CPU.Build.0 = Release|Any CPU
	EndGlobalSection
	GlobalSection(SolutionProperties) = preSolution
		HideSolutionNode = FALSE
	EndGlobalSection
	GlobalSection(ExtensibilityGlobals) = postSolution
		SolutionGuid = {075A735F-79F0-4840-9A67-EEAAD0AF602E}
	EndGlobalSection
EndGlobal
